
Microsoft Visual Studio Solution File, Format Version 12.00
# Visual Studio Version 17
VisualStudioVersion = 17.5.33424.131
MinimumVisualStudioVersion = 10.0.40219.1
Project("{FAE04EC0-301F-11D3-BF4B-00C04F79EFBC}") = "MatchGame", "MatchGame\MatchGame.csproj", "{F87E9CDF-8AB8-4AB8-92DA-8F20AE0CE042}"
EndProject
Global
	GlobalSection(SolutionConfigurationPlatforms) = preSolution
		Debug|Any CPU = Debug|Any CPU
		Release|Any CPU = Release|Any CPU
	EndGlobalSection
	GlobalSection(ProjectConfigurationPlatforms) = postSolution
		{F87E9CDF-8AB8-4AB8-92DA-8F20AE0CE042}.Debug|Any CPU.ActiveCfg = Debug|Any CPU
		{F87E9CDF-8AB8-4AB8-92DA-8F20AE0CE042}.Debug|Any CPU.Build.0 = Debug|Any CPU
		{F87E9CDF-8AB8-4AB8-92DA-8F20AE0CE042}.Release|Any CPU.ActiveCfg = Release|Any CPU
		{F87E9CDF-8AB8-4AB8-92DA-8F20AE0CE042}.Release|Any CPU.Build.0 = Release|Any CPU
	EndGlobalSection
	GlobalSection(SolutionProperties) = preSolution
		HideSolutionNode = FALSE
	EndGlobalSection
	GlobalSection(ExtensibilityGlobals) = postSolution
		SolutionGuid = {D823E1EF-3FF2-4285-A2E8-5198152B4FA7}
	EndGlobalSection
EndGlobal
